
Microsoft Visual Studio Solution File, Format Version 12.00
# Visual Studio 15
VisualStudioVersion = 15.0.27004.2009
MinimumVisualStudioVersion = 10.0.40219.1
Project("{FAE04EC0-301F-11D3-BF4B-00C04F79EFBC}") = "InvestaMovies", "InvestaMovies\InvestaMovies.csproj", "{4F61C06F-AA53-4C88-A9F6-C8C1DFED25DB}"
EndProject
Global
	GlobalSection(SolutionConfigurationPlatforms) = preSolution
		Debug|Any CPU = Debug|Any CPU
		Release|Any CPU = Release|Any CPU
	EndGlobalSection
	GlobalSection(ProjectConfigurationPlatforms) = postSolution
		{4F61C06F-AA53-4C88-A9F6-C8C1DFED25DB}.Debug|Any CPU.ActiveCfg = Debug|Any CPU
		{4F61C06F-AA53-4C88-A9F6-C8C1DFED25DB}.Debug|Any CPU.Build.0 = Debug|Any CPU
		{4F61C06F-AA53-4C88-A9F6-C8C1DFED25DB}.Release|Any CPU.ActiveCfg = Release|Any CPU
		{4F61C06F-AA53-4C88-A9F6-C8C1DFED25DB}.Release|Any CPU.Build.0 = Release|Any CPU
	EndGlobalSection
	GlobalSection(SolutionProperties) = preSolution
		HideSolutionNode = FALSE
	EndGlobalSection
	GlobalSection(ExtensibilityGlobals) = postSolution
		SolutionGuid = {288BA9F9-80B6-4845-9F3B-6747995E7D20}
	EndGlobalSection
EndGlobal
